# This file is automatically @generated by Cargo.
# It is not intended for manual editing.
version = 4

[[package]]
name = "eye"
version = "0.1.0"
dependencies = [
 "eye-calibration",
 "eye-capture",
 "eye-core",
 "eye-detect",
 "eye-estimate",
 "eye-filter",
 "eye-geometry",
 "eye-platform",
]

[[package]]
name = "eye-app"
version = "0.1.0"
dependencies = [
 "eye",
 "eye-bench",
 "eye-core",
 "eye-overlay",
 "eye-platform",
]

[[package]]
name = "eye-bench"
version = "0.1.0"
dependencies = [
 "eye",
 "eye-core",
]

[[package]]
name = "eye-calibration"
version = "0.1.0"
dependencies = [
 "eye-core",
 "eye-geometry",
]

[[package]]
name = "eye-capture"
version = "0.1.0"
dependencies = [
 "eye-core",
]

[[package]]
name = "eye-core"
version = "0.1.0"

[[package]]
name = "eye-detect"
version = "0.1.0"
dependencies = [
 "eye-core",
 "eye-geometry",
]

[[package]]
name = "eye-estimate"
version = "0.1.0"
dependencies = [
 "eye-core",
 "eye-geometry",
]

[[package]]
name = "eye-filter"
version = "0.1.0"
dependencies = [
 "eye-core",
 "eye-geometry",
]

[[package]]
name = "eye-geometry"
version = "0.1.0"
dependencies = [
 "eye-core",
]

[[package]]
name = "eye-lab"
version = "0.1.0"
dependencies = [
 "eye",
 "eye-capture",
 "eye-core",
 "eye-platform",
]

[[package]]
name = "eye-overlay"
version = "0.1.0"
dependencies = [
 "eye-core",
]

[[package]]
name = "eye-platform"
version = "0.1.0"
dependencies = [
 "eye-core",
]
